
Microsoft Visual Studio Solution File, Format Version 12.00
# Visual Studio Version 16
VisualStudioVersion = 16.0.30225.117
MinimumVisualStudioVersion = 10.0.40219.1
Project("{FAE04EC0-301F-11D3-BF4B-00C04F79EFBC}") = "AspNetCoreMvc", "AspNetCoreMvc\AspNetCoreMvc.csproj", "{074BEA08-9FCD-48B5-9783-FED09B6C6AFD}"
EndProject
Global
	GlobalSection(SolutionConfigurationPlatforms) = preSolution
		Debug|Any CPU = Debug|Any CPU
		Release|Any CPU = Release|Any CPU
	EndGlobalSection
	GlobalSection(ProjectConfigurationPlatforms) = postSolution
		{074BEA08-9FCD-48B5-9783-FED09B6C6AFD}.Debug|Any CPU.ActiveCfg = Debug|Any CPU
		{074BEA08-9FCD-48B5-9783-FED09B6C6AFD}.Debug|Any CPU.Build.0 = Debug|Any CPU
		{074BEA08-9FCD-48B5-9783-FED09B6C6AFD}.Release|Any CPU.ActiveCfg = Release|Any CPU
		{074BEA08-9FCD-48B5-9783-FED09B6C6AFD}.Release|Any CPU.Build.0 = Release|Any CPU
	EndGlobalSection
	GlobalSection(SolutionProperties) = preSolution
		HideSolutionNode = FALSE
	EndGlobalSection
	GlobalSection(ExtensibilityGlobals) = postSolution
		SolutionGuid = {8D6409A7-8C23-41BC-B14C-A9E2449289C1}
	EndGlobalSection
EndGlobal
